
Microsoft Visual Studio Solution File, Format Version 12.00
# Visual Studio Version 17
VisualStudioVersion = 17.14.36429.23
MinimumVisualStudioVersion = 10.0.40219.1
Project("{FAE04EC0-301F-11D3-BF4B-00C04F79EFBC}") = "Core", "Core\Core.csproj", "{E487AB6C-F927-4A1A-9006-6308CD781ECD}"
EndProject
Project("{FAE04EC0-301F-11D3-BF4B-00C04F79EFBC}") = "Infrastructure", "Infrastructure\Infrastructure.csproj", "{ECA619AB-A6BE-4B55-837C-E906B0110C53}"
EndProject
Project("{FAE04EC0-301F-11D3-BF4B-00C04F79EFBC}") = "Application", "Application\Application.csproj", "{DBAD8281-9BF2-43BB-B337-4DE4B3410C79}"
EndProject
Project("{FAE04EC0-301F-11D3-BF4B-00C04F79EFBC}") = "API", "API\API.csproj", "{784AC242-E238-410B-A632-1F946BA09945}"
EndProject
Project("{2150E333-8FDC-42A3-9474-1A3956D46DE8}") = "docs", "docs", "{02EA681E-C7D8-13C7-8484-4AC65E1B71E8}"
	ProjectSection(SolutionItems) = preProject
		DesignChoices.md = DesignChoices.md
	EndProjectSection
EndProject
Global
	GlobalSection(SolutionConfigurationPlatforms) = preSolution
		Debug|Any CPU = Debug|Any CPU
		Release|Any CPU = Release|Any CPU
	EndGlobalSection
	GlobalSection(ProjectConfigurationPlatforms) = postSolution
		{E487AB6C-F927-4A1A-9006-6308CD781ECD}.Debug|Any CPU.ActiveCfg = Debug|Any CPU
		{E487AB6C-F927-4A1A-9006-6308CD781ECD}.Debug|Any CPU.Build.0 = Debug|Any CPU
		{E487AB6C-F927-4A1A-9006-6308CD781ECD}.Release|Any CPU.ActiveCfg = Release|Any CPU
		{E487AB6C-F927-4A1A-9006-6308CD781ECD}.Release|Any CPU.Build.0 = Release|Any CPU
		{ECA619AB-A6BE-4B55-837C-E906B0110C53}.Debug|Any CPU.ActiveCfg = Debug|Any CPU
		{ECA619AB-A6BE-4B55-837C-E906B0110C53}.Debug|Any CPU.Build.0 = Debug|Any CPU
		{ECA619AB-A6BE-4B55-837C-E906B0110C53}.Release|Any CPU.ActiveCfg = Release|Any CPU
		{ECA619AB-A6BE-4B55-837C-E906B0110C53}.Release|Any CPU.Build.0 = Release|Any CPU
		{DBAD8281-9BF2-43BB-B337-4DE4B3410C79}.Debug|Any CPU.ActiveCfg = Debug|Any CPU
		{DBAD8281-9BF2-43BB-B337-4DE4B3410C79}.Debug|Any CPU.Build.0 = Debug|Any CPU
		{DBAD8281-9BF2-43BB-B337-4DE4B3410C79}.Release|Any CPU.ActiveCfg = Release|Any CPU
		{DBAD8281-9BF2-43BB-B337-4DE4B3410C79}.Release|Any CPU.Build.0 = Release|Any CPU
		{784AC242-E238-410B-A632-1F946BA09945}.Debug|Any CPU.ActiveCfg = Debug|Any CPU
		{784AC242-E238-410B-A632-1F946BA09945}.Debug|Any CPU.Build.0 = Debug|Any CPU
		{784AC242-E238-410B-A632-1F946BA09945}.Release|Any CPU.ActiveCfg = Release|Any CPU
		{784AC242-E238-410B-A632-1F946BA09945}.Release|Any CPU.Build.0 = Release|Any CPU
	EndGlobalSection
	GlobalSection(SolutionProperties) = preSolution
		HideSolutionNode = FALSE
	EndGlobalSection
	GlobalSection(ExtensibilityGlobals) = postSolution
		SolutionGuid = {F3D25258-F7B2-4784-971B-52BDFC1E47F4}
	EndGlobalSection
EndGlobal
